
Microsoft Visual Studio Solution File, Format Version 11.00
# Visual Studio 2010
Project("{FAE04EC0-301F-11D3-BF4B-00C04F79EFBC}") = "waveShifter", "waveShifter\waveShifter.csproj", "{57EFC47B-BC7E-4EB6-9401-E8FFD7639C37}"
EndProject
Global
	GlobalSection(SolutionConfigurationPlatforms) = preSolution
		Debug|x86 = Debug|x86
		Release|x86 = Release|x86
	EndGlobalSection
	GlobalSection(ProjectConfigurationPlatforms) = postSolution
		{57EFC47B-BC7E-4EB6-9401-E8FFD7639C37}.Debug|x86.ActiveCfg = Debug|x86
		{57EFC47B-BC7E-4EB6-9401-E8FFD7639C37}.Debug|x86.Build.0 = Debug|x86
		{57EFC47B-BC7E-4EB6-9401-E8FFD7639C37}.Release|x86.ActiveCfg = Release|x86
		{57EFC47B-BC7E-4EB6-9401-E8FFD7639C37}.Release|x86.Build.0 = Release|x86
	EndGlobalSection
	GlobalSection(SolutionProperties) = preSolution
		HideSolutionNode = FALSE
	EndGlobalSection
EndGlobal
